
Microsoft Visual Studio Solution File, Format Version 12.00
# Visual Studio Version 16
VisualStudioVersion = 16.0.32901.82
MinimumVisualStudioVersion = 10.0.40219.1
Project("{FAE04EC0-301F-11D3-BF4B-00C04F79EFBC}") = "TilTakToe", "TilTakToe\TilTakToe.csproj", "{F622B615-6CCB-4032-B41B-E773D6C2C3BF}"
EndProject
Project("{2150E333-8FDC-42A3-9474-1A3956D46DE8}") = "Solution Items", "Solution Items", "{4320244C-A7C8-41B1-8B6D-4E7DEF17E3F5}"
	ProjectSection(SolutionItems) = preProject
		.gitignore = .gitignore
	EndProjectSection
EndProject
Global
	GlobalSection(SolutionConfigurationPlatforms) = preSolution
		Debug|Any CPU = Debug|Any CPU
		Release|Any CPU = Release|Any CPU
	EndGlobalSection
	GlobalSection(ProjectConfigurationPlatforms) = postSolution
		{F622B615-6CCB-4032-B41B-E773D6C2C3BF}.Debug|Any CPU.ActiveCfg = Debug|Any CPU
		{F622B615-6CCB-4032-B41B-E773D6C2C3BF}.Debug|Any CPU.Build.0 = Debug|Any CPU
		{F622B615-6CCB-4032-B41B-E773D6C2C3BF}.Release|Any CPU.ActiveCfg = Release|Any CPU
		{F622B615-6CCB-4032-B41B-E773D6C2C3BF}.Release|Any CPU.Build.0 = Release|Any CPU
	EndGlobalSection
	GlobalSection(SolutionProperties) = preSolution
		HideSolutionNode = FALSE
	EndGlobalSection
	GlobalSection(ExtensibilityGlobals) = postSolution
		SolutionGuid = {6A6CC489-F32D-455D-A891-56A711A6C87B}
	EndGlobalSection
EndGlobal
